
Microsoft Visual Studio Solution File, Format Version 12.00
# Visual Studio 15
VisualStudioVersion = 15.0.28307.271
MinimumVisualStudioVersion = 10.0.40219.1
Project("{2150E333-8FDC-42A3-9474-1A3956D46DE8}") = "C++ Primer 5th", "C++ Primer 5th", "{9974849A-244A-42D0-BE5C-B29F8F67FA5E}"
EndProject
Project("{8BC9CEB8-8B4A-11D0-8D11-00A0C91BC942}") = "ex1_3", "ex1_3\ex1_3.vcxproj", "{9B2DB50C-C4EC-43AA-A722-461F0B711834}"
EndProject
Project("{8BC9CEB8-8B4A-11D0-8D11-00A0C91BC942}") = "ex1_9", "ex1_9\ex1_9.vcxproj", "{1A23A58D-400E-4FB7-80B8-2403EF2D7D5A}"
EndProject
Project("{8BC9CEB8-8B4A-11D0-8D11-00A0C91BC942}") = "ex1_16", "ex1_16\ex1_16.vcxproj", "{2AE76259-C132-4EC2-BD6F-D19139C21536}"
EndProject
Project("{2150E333-8FDC-42A3-9474-1A3956D46DE8}") = "C++ Primer 4th", "C++ Primer 4th", "{D633952B-ABDF-40A7-BFDF-7B2308FFBFC4}"
EndProject
Project("{8BC9CEB8-8B4A-11D0-8D11-00A0C91BC942}") = "ex12_1", "ex12_1\ex12_1.vcxproj", "{3ADFF70E-9B63-4B74-8061-4A0C04CBF925}"
EndProject
Project("{2150E333-8FDC-42A3-9474-1A3956D46DE8}") = "LeetCode", "LeetCode", "{78E00B9F-CB77-4465-8D63-67A78BA62152}"
EndProject
Project("{8BC9CEB8-8B4A-11D0-8D11-00A0C91BC942}") = "TwoSum", "TwoSum\TwoSum.vcxproj", "{F25A26D5-B8D7-42B5-AADC-57761D17C7B4}"
EndProject
Project("{8BC9CEB8-8B4A-11D0-8D11-00A0C91BC942}") = "665_CheckPossibility", "665_CheckPossibility\665_CheckPossibility.vcxproj", "{8E8F4BF4-2DC6-4843-9CC6-C36CFABDA180}"
EndProject
Global
	GlobalSection(SolutionConfigurationPlatforms) = preSolution
		Debug|x64 = Debug|x64
		Debug|x86 = Debug|x86
		Release|x64 = Release|x64
		Release|x86 = Release|x86
	EndGlobalSection
	GlobalSection(ProjectConfigurationPlatforms) = postSolution
		{9B2DB50C-C4EC-43AA-A722-461F0B711834}.Debug|x64.ActiveCfg = Debug|x64
		{9B2DB50C-C4EC-43AA-A722-461F0B711834}.Debug|x64.Build.0 = Debug|x64
		{9B2DB50C-C4EC-43AA-A722-461F0B711834}.Debug|x86.ActiveCfg = Debug|Win32
		{9B2DB50C-C4EC-43AA-A722-461F0B711834}.Debug|x86.Build.0 = Debug|Win32
		{9B2DB50C-C4EC-43AA-A722-461F0B711834}.Release|x64.ActiveCfg = Release|x64
		{9B2DB50C-C4EC-43AA-A722-461F0B711834}.Release|x64.Build.0 = Release|x64
		{9B2DB50C-C4EC-43AA-A722-461F0B711834}.Release|x86.ActiveCfg = Release|Win32
		{9B2DB50C-C4EC-43AA-A722-461F0B711834}.Release|x86.Build.0 = Release|Win32
		{1A23A58D-400E-4FB7-80B8-2403EF2D7D5A}.Debug|x64.ActiveCfg = Debug|x64
		{1A23A58D-400E-4FB7-80B8-2403EF2D7D5A}.Debug|x64.Build.0 = Debug|x64
		{1A23A58D-400E-4FB7-80B8-2403EF2D7D5A}.Debug|x86.ActiveCfg = Debug|Win32
		{1A23A58D-400E-4FB7-80B8-2403EF2D7D5A}.Debug|x86.Build.0 = Debug|Win32
		{1A23A58D-400E-4FB7-80B8-2403EF2D7D5A}.Release|x64.ActiveCfg = Release|x64
		{1A23A58D-400E-4FB7-80B8-2403EF2D7D5A}.Release|x64.Build.0 = Release|x64
		{1A23A58D-400E-4FB7-80B8-2403EF2D7D5A}.Release|x86.ActiveCfg = Release|Win32
		{1A23A58D-400E-4FB7-80B8-2403EF2D7D5A}.Release|x86.Build.0 = Release|Win32
		{2AE76259-C132-4EC2-BD6F-D19139C21536}.Debug|x64.ActiveCfg = Debug|x64
		{2AE76259-C132-4EC2-BD6F-D19139C21536}.Debug|x64.Build.0 = Debug|x64
		{2AE76259-C132-4EC2-BD6F-D19139C21536}.Debug|x86.ActiveCfg = Debug|Win32
		{2AE76259-C132-4EC2-BD6F-D19139C21536}.Debug|x86.Build.0 = Debug|Win32
		{2AE76259-C132-4EC2-BD6F-D19139C21536}.Release|x64.ActiveCfg = Release|x64
		{2AE76259-C132-4EC2-BD6F-D19139C21536}.Release|x64.Build.0 = Release|x64
		{2AE76259-C132-4EC2-BD6F-D19139C21536}.Release|x86.ActiveCfg = Release|Win32
		{2AE76259-C132-4EC2-BD6F-D19139C21536}.Release|x86.Build.0 = Release|Win32
		{3ADFF70E-9B63-4B74-8061-4A0C04CBF925}.Debug|x64.ActiveCfg = Debug|x64
		{3ADFF70E-9B63-4B74-8061-4A0C04CBF925}.Debug|x64.Build.0 = Debug|x64
		{3ADFF70E-9B63-4B74-8061-4A0C04CBF925}.Debug|x86.ActiveCfg = Debug|Win32
		{3ADFF70E-9B63-4B74-8061-4A0C04CBF925}.Debug|x86.Build.0 = Debug|Win32
		{3ADFF70E-9B63-4B74-8061-4A0C04CBF925}.Release|x64.ActiveCfg = Release|x64
		{3ADFF70E-9B63-4B74-8061-4A0C04CBF925}.Release|x64.Build.0 = Release|x64
		{3ADFF70E-9B63-4B74-8061-4A0C04CBF925}.Release|x86.ActiveCfg = Release|Win32
		{3ADFF70E-9B63-4B74-8061-4A0C04CBF925}.Release|x86.Build.0 = Release|Win32
		{F25A26D5-B8D7-42B5-AADC-57761D17C7B4}.Debug|x64.ActiveCfg = Debug|x64
		{F25A26D5-B8D7-42B5-AADC-57761D17C7B4}.Debug|x64.Build.0 = Debug|x64
		{F25A26D5-B8D7-42B5-AADC-57761D17C7B4}.Debug|x86.ActiveCfg = Debug|Win32
		{F25A26D5-B8D7-42B5-AADC-57761D17C7B4}.Debug|x86.Build.0 = Debug|Win32
		{F25A26D5-B8D7-42B5-AADC-57761D17C7B4}.Release|x64.ActiveCfg = Release|x64
		{F25A26D5-B8D7-42B5-AADC-57761D17C7B4}.Release|x64.Build.0 = Release|x64
		{F25A26D5-B8D7-42B5-AADC-57761D17C7B4}.Release|x86.ActiveCfg = Release|Win32
		{F25A26D5-B8D7-42B5-AADC-57761D17C7B4}.Release|x86.Build.0 = Release|Win32
		{8E8F4BF4-2DC6-4843-9CC6-C36CFABDA180}.Debug|x64.ActiveCfg = Debug|x64
		{8E8F4BF4-2DC6-4843-9CC6-C36CFABDA180}.Debug|x64.Build.0 = Debug|x64
		{8E8F4BF4-2DC6-4843-9CC6-C36CFABDA180}.Debug|x86.ActiveCfg = Debug|Win32
		{8E8F4BF4-2DC6-4843-9CC6-C36CFABDA180}.Debug|x86.Build.0 = Debug|Win32
		{8E8F4BF4-2DC6-4843-9CC6-C36CFABDA180}.Release|x64.ActiveCfg = Release|x64
		{8E8F4BF4-2DC6-4843-9CC6-C36CFABDA180}.Release|x64.Build.0 = Release|x64
		{8E8F4BF4-2DC6-4843-9CC6-C36CFABDA180}.Release|x86.ActiveCfg = Release|Win32
		{8E8F4BF4-2DC6-4843-9CC6-C36CFABDA180}.Release|x86.Build.0 = Release|Win32
	EndGlobalSection
	GlobalSection(SolutionProperties) = preSolution
		HideSolutionNode = FALSE
	EndGlobalSection
	GlobalSection(NestedProjects) = preSolution
		{9B2DB50C-C4EC-43AA-A722-461F0B711834} = {9974849A-244A-42D0-BE5C-B29F8F67FA5E}
		{1A23A58D-400E-4FB7-80B8-2403EF2D7D5A} = {9974849A-244A-42D0-BE5C-B29F8F67FA5E}
		{2AE76259-C132-4EC2-BD6F-D19139C21536} = {9974849A-244A-42D0-BE5C-B29F8F67FA5E}
		{3ADFF70E-9B63-4B74-8061-4A0C04CBF925} = {D633952B-ABDF-40A7-BFDF-7B2308FFBFC4}
		{F25A26D5-B8D7-42B5-AADC-57761D17C7B4} = {78E00B9F-CB77-4465-8D63-67A78BA62152}
		{8E8F4BF4-2DC6-4843-9CC6-C36CFABDA180} = {78E00B9F-CB77-4465-8D63-67A78BA62152}
	EndGlobalSection
	GlobalSection(ExtensibilityGlobals) = postSolution
		SolutionGuid = {E70BCE66-5281-4495-BFAF-F14ABE163936}
	EndGlobalSection
EndGlobal
