
Microsoft Visual Studio Solution File, Format Version 12.00
# Visual Studio 15
VisualStudioVersion = 15.0.28307.271
MinimumVisualStudioVersion = 10.0.40219.1
Project("{8BC9CEB8-8B4A-11D0-8D11-00A0C91BC942}") = "Exercise", "Exercise\Exercise.vcxproj", "{ABCFC241-9EC5-4375-8226-4C04A1978184}"
EndProject
Global
	GlobalSection(SolutionConfigurationPlatforms) = preSolution
		Debug|x64 = Debug|x64
		Debug|x86 = Debug|x86
		Release|x64 = Release|x64
		Release|x86 = Release|x86
	EndGlobalSection
	GlobalSection(ProjectConfigurationPlatforms) = postSolution
		{ABCFC241-9EC5-4375-8226-4C04A1978184}.Debug|x64.ActiveCfg = Debug|x64
		{ABCFC241-9EC5-4375-8226-4C04A1978184}.Debug|x64.Build.0 = Debug|x64
		{ABCFC241-9EC5-4375-8226-4C04A1978184}.Debug|x86.ActiveCfg = Debug|Win32
		{ABCFC241-9EC5-4375-8226-4C04A1978184}.Debug|x86.Build.0 = Debug|Win32
		{ABCFC241-9EC5-4375-8226-4C04A1978184}.Release|x64.ActiveCfg = Release|x64
		{ABCFC241-9EC5-4375-8226-4C04A1978184}.Release|x64.Build.0 = Release|x64
		{ABCFC241-9EC5-4375-8226-4C04A1978184}.Release|x86.ActiveCfg = Release|Win32
		{ABCFC241-9EC5-4375-8226-4C04A1978184}.Release|x86.Build.0 = Release|Win32
	EndGlobalSection
	GlobalSection(SolutionProperties) = preSolution
		HideSolutionNode = FALSE
	EndGlobalSection
	GlobalSection(ExtensibilityGlobals) = postSolution
		SolutionGuid = {E70BCE66-5281-4495-BFAF-F14ABE163936}
	EndGlobalSection
EndGlobal
