<?xml version="1.0" encoding="utf-8"?>
<Project ToolsVersion="4.0" xmlns="http://schemas.microsoft.com/developer/msbuild/2003">
  <ItemGroup>
    <Filter Include="源文件">
      <UniqueIdentifier>{4FC737F1-C7A5-4376-A066-2A32D752A2FF}</UniqueIdentifier>
      <Extensions>cpp;c;cc;cxx;def;odl;idl;hpj;bat;asm;asmx</Extensions>
    </Filter>
    <Filter Include="头文件">
      <UniqueIdentifier>{93995380-89BD-4b04-88EB-625FBE52EBFB}</UniqueIdentifier>
      <Extensions>h;hh;hpp;hxx;hm;inl;inc;ipp;xsd</Extensions>
    </Filter>
    <Filter Include="资源文件">
      <UniqueIdentifier>{67DA6AB6-F800-4c08-8B7A-83BB121AAD01}</UniqueIdentifier>
      <Extensions>rc;ico;cur;bmp;dlg;rc2;rct;bin;rgs;gif;jpg;jpeg;jpe;resx;tiff;tif;png;wav;mfcribbon-ms</Extensions>
    </Filter>
  </ItemGroup>
  <ItemGroup>
    <ClCompile Include="main.cpp">
      <Filter>源文件</Filter>
    </ClCompile>
    <ClCompile Include="S_139_WordBreak.cpp">
      <Filter>源文件</Filter>
    </ClCompile>
    <ClCompile Include="I_02_01_RemoveDuplicateNodes.cpp">
      <Filter>源文件</Filter>
    </ClCompile>
    <ClCompile Include="S_209_MinSubArrayLen.cpp">
      <Filter>源文件</Filter>
    </ClCompile>
    <ClCompile Include="S_215_FindKthLargest.cpp">
      <Filter>源文件</Filter>
    </ClCompile>
    <ClCompile Include="O_09_CQueue.cpp">
      <Filter>源文件</Filter>
    </ClCompile>
    <ClCompile Include="S_718_FindLength.cpp">
      <Filter>源文件</Filter>
    </ClCompile>
    <ClCompile Include="S_378_KthSmallest.cpp">
      <Filter>源文件</Filter>
    </ClCompile>
    <ClCompile Include="S_108_SortedArrayToBST.cpp">
      <Filter>源文件</Filter>
    </ClCompile>
    <ClCompile Include="S_32_LongestValidParentheses.cpp">
      <Filter>源文件</Filter>
    </ClCompile>
    <ClCompile Include="S_44_IsMatch.cpp">
      <Filter>源文件</Filter>
    </ClCompile>
    <ClCompile Include="S_63_UniquePathsWithObstacles.cpp">
      <Filter>源文件</Filter>
    </ClCompile>
    <ClCompile Include="S_859_BuddyStrings.cpp">
      <Filter>源文件</Filter>
    </ClCompile>
    <ClCompile Include="S_112_HasPathSum.cpp">
      <Filter>源文件</Filter>
    </ClCompile>
    <ClCompile Include="I_16_11_DivingBoard.cpp">
      <Filter>源文件</Filter>
    </ClCompile>
    <ClCompile Include="I_17_13_Respace.cpp">
      <Filter>源文件</Filter>
    </ClCompile>
    <ClCompile Include="S_309_MaxProfit.cpp">
      <Filter>源文件</Filter>
    </ClCompile>
    <ClCompile Include="S_315_CountSmaller.cpp">
      <Filter>源文件</Filter>
    </ClCompile>
    <ClCompile Include="S_174_CalculateMinimumHP.cpp">
      <Filter>源文件</Filter>
    </ClCompile>
    <ClCompile Include="S_350_Intersect.cpp">
      <Filter>源文件</Filter>
    </ClCompile>
    <ClCompile Include="S_120_MinimumTotal.cpp">
      <Filter>源文件</Filter>
    </ClCompile>
    <ClCompile Include="S_96_NumTrees.cpp">
      <Filter>源文件</Filter>
    </ClCompile>
    <ClCompile Include="S_785_IsBipartite.cpp">
      <Filter>源文件</Filter>
    </ClCompile>
    <ClCompile Include="S_35_SearchInsert.cpp">
      <Filter>源文件</Filter>
    </ClCompile>
    <ClCompile Include="S_97_ IsInterleave.cpp">
      <Filter>源文件</Filter>
    </ClCompile>
    <ClCompile Include="S_312_MaxCoins.cpp">
      <Filter>源文件</Filter>
    </ClCompile>
    <ClCompile Include="S_167_TwoSum.cpp">
      <Filter>源文件</Filter>
    </ClCompile>
    <ClCompile Include="S_95_GenerateTrees.cpp">
      <Filter>源文件</Filter>
    </ClCompile>
    <ClCompile Include="O_11_MinArray.cpp">
      <Filter>源文件</Filter>
    </ClCompile>
    <ClCompile Include="S_64_MinPathSum.cpp">
      <Filter>源文件</Filter>
    </ClCompile>
    <ClCompile Include="S_1025_DivisorGame.cpp">
      <Filter>源文件</Filter>
    </ClCompile>
    <ClCompile Include="S_410_SplitArray.cpp">
      <Filter>源文件</Filter>
    </ClCompile>
    <ClCompile Include="S_219_LongestIncreasingPath.cpp">
      <Filter>源文件</Filter>
    </ClCompile>
    <ClCompile Include="S_392_IsSubsequence.cpp">
      <Filter>源文件</Filter>
    </ClCompile>
  </ItemGroup>
  <ItemGroup>
    <ClInclude Include="stdafx.h">
      <Filter>头文件</Filter>
    </ClInclude>
    <ClInclude Include="S_139_WordBreak.h">
      <Filter>头文件</Filter>
    </ClInclude>
    <ClInclude Include="I_02_01_RemoveDuplicateNodes.h">
      <Filter>头文件</Filter>
    </ClInclude>
    <ClInclude Include="S_209_MinSubArrayLen.h">
      <Filter>头文件</Filter>
    </ClInclude>
    <ClInclude Include="S_215_FindKthLargest.h">
      <Filter>头文件</Filter>
    </ClInclude>
    <ClInclude Include="O_09_CQueue.h">
      <Filter>头文件</Filter>
    </ClInclude>
    <ClInclude Include="TreeNode.h">
      <Filter>头文件</Filter>
    </ClInclude>
  </ItemGroup>
</Project>